
Microsoft Visual Studio Solution File, Format Version 12.00
# Visual Studio Version 17
VisualStudioVersion = 17.6.33829.357
MinimumVisualStudioVersion = 10.0.40219.1
Project("{9A19103F-16F7-4668-BE54-9A1E7A4F7556}") = "FirstProject", "FirstProject\FirstProject.csproj", "{225CF003-18C6-4D74-9BA9-63EBAB14F8C7}"
EndProject
Project("{FAE04EC0-301F-11D3-BF4B-00C04F79EFBC}") = "Operators", "Operators_\Operators.csproj", "{A0FBC9AC-F18F-4B26-B7EE-78125B41BD71}"
EndProject
Project("{9A19103F-16F7-4668-BE54-9A1E7A4F7556}") = "Operators_s", "Operators_s\Operators_s.csproj", "{9338F909-A4F0-4CC8-B6FA-69B95123DFA4}"
EndProject
Project("{9A19103F-16F7-4668-BE54-9A1E7A4F7556}") = "Array", "Array\Array.csproj", "{0AB20D42-3000-4070-8F57-371DE64BA169}"
EndProject
Project("{FAE04EC0-301F-11D3-BF4B-00C04F79EFBC}") = "EnumTypes", "EnumTypes\EnumTypes.csproj", "{4C537DA3-27CD-4F56-8659-61AAE8098BED}"
EndProject
Project("{FAE04EC0-301F-11D3-BF4B-00C04F79EFBC}") = "Structure", "Structure\Structure.csproj", "{EE90D9D3-70BF-4087-B14C-AB17D0E366D7}"
EndProject
Project("{FAE04EC0-301F-11D3-BF4B-00C04F79EFBC}") = "inheritance", "inheritance\inheritance.csproj", "{3A802A49-2868-4C54-BCF7-C1A8759E4773}"
EndProject
Global
	GlobalSection(SolutionConfigurationPlatforms) = preSolution
		Debug|Any CPU = Debug|Any CPU
		Release|Any CPU = Release|Any CPU
	EndGlobalSection
	GlobalSection(ProjectConfigurationPlatforms) = postSolution
		{225CF003-18C6-4D74-9BA9-63EBAB14F8C7}.Debug|Any CPU.ActiveCfg = Debug|Any CPU
		{225CF003-18C6-4D74-9BA9-63EBAB14F8C7}.Debug|Any CPU.Build.0 = Debug|Any CPU
		{225CF003-18C6-4D74-9BA9-63EBAB14F8C7}.Release|Any CPU.ActiveCfg = Release|Any CPU
		{225CF003-18C6-4D74-9BA9-63EBAB14F8C7}.Release|Any CPU.Build.0 = Release|Any CPU
		{A0FBC9AC-F18F-4B26-B7EE-78125B41BD71}.Debug|Any CPU.ActiveCfg = Debug|Any CPU
		{A0FBC9AC-F18F-4B26-B7EE-78125B41BD71}.Debug|Any CPU.Build.0 = Debug|Any CPU
		{A0FBC9AC-F18F-4B26-B7EE-78125B41BD71}.Release|Any CPU.ActiveCfg = Release|Any CPU
		{A0FBC9AC-F18F-4B26-B7EE-78125B41BD71}.Release|Any CPU.Build.0 = Release|Any CPU
		{9338F909-A4F0-4CC8-B6FA-69B95123DFA4}.Debug|Any CPU.ActiveCfg = Debug|Any CPU
		{9338F909-A4F0-4CC8-B6FA-69B95123DFA4}.Debug|Any CPU.Build.0 = Debug|Any CPU
		{9338F909-A4F0-4CC8-B6FA-69B95123DFA4}.Release|Any CPU.ActiveCfg = Release|Any CPU
		{9338F909-A4F0-4CC8-B6FA-69B95123DFA4}.Release|Any CPU.Build.0 = Release|Any CPU
		{0AB20D42-3000-4070-8F57-371DE64BA169}.Debug|Any CPU.ActiveCfg = Debug|Any CPU
		{0AB20D42-3000-4070-8F57-371DE64BA169}.Debug|Any CPU.Build.0 = Debug|Any CPU
		{0AB20D42-3000-4070-8F57-371DE64BA169}.Release|Any CPU.ActiveCfg = Release|Any CPU
		{0AB20D42-3000-4070-8F57-371DE64BA169}.Release|Any CPU.Build.0 = Release|Any CPU
		{4C537DA3-27CD-4F56-8659-61AAE8098BED}.Debug|Any CPU.ActiveCfg = Debug|Any CPU
		{4C537DA3-27CD-4F56-8659-61AAE8098BED}.Debug|Any CPU.Build.0 = Debug|Any CPU
		{4C537DA3-27CD-4F56-8659-61AAE8098BED}.Release|Any CPU.ActiveCfg = Release|Any CPU
		{4C537DA3-27CD-4F56-8659-61AAE8098BED}.Release|Any CPU.Build.0 = Release|Any CPU
		{EE90D9D3-70BF-4087-B14C-AB17D0E366D7}.Debug|Any CPU.ActiveCfg = Debug|Any CPU
		{EE90D9D3-70BF-4087-B14C-AB17D0E366D7}.Debug|Any CPU.Build.0 = Debug|Any CPU
		{EE90D9D3-70BF-4087-B14C-AB17D0E366D7}.Release|Any CPU.ActiveCfg = Release|Any CPU
		{EE90D9D3-70BF-4087-B14C-AB17D0E366D7}.Release|Any CPU.Build.0 = Release|Any CPU
		{3A802A49-2868-4C54-BCF7-C1A8759E4773}.Debug|Any CPU.ActiveCfg = Debug|Any CPU
		{3A802A49-2868-4C54-BCF7-C1A8759E4773}.Debug|Any CPU.Build.0 = Debug|Any CPU
		{3A802A49-2868-4C54-BCF7-C1A8759E4773}.Release|Any CPU.ActiveCfg = Release|Any CPU
		{3A802A49-2868-4C54-BCF7-C1A8759E4773}.Release|Any CPU.Build.0 = Release|Any CPU
	EndGlobalSection
	GlobalSection(SolutionProperties) = preSolution
		HideSolutionNode = FALSE
	EndGlobalSection
	GlobalSection(ExtensibilityGlobals) = postSolution
		SolutionGuid = {CB112A09-364A-47E4-B9E8-2272568EA784}
	EndGlobalSection
EndGlobal
